
Microsoft Visual Studio Solution File, Format Version 12.00
# Visual Studio 14
VisualStudioVersion = 14.0.25420.1
MinimumVisualStudioVersion = 10.0.40219.1
Project("{FAE04EC0-301F-11D3-BF4B-00C04F79EFBC}") = "Komposto", "Komposto\Komposto.csproj", "{DC9A1EB5-5542-4527-A46B-FF2D57A180C7}"
EndProject
Project("{FAE04EC0-301F-11D3-BF4B-00C04F79EFBC}") = "Komposto.Tests", "Komposto.Tests\Komposto.Tests.csproj", "{F1BA0D09-89D5-4C69-9BF2-638AA446BE5B}"
EndProject
Global
	GlobalSection(SolutionConfigurationPlatforms) = preSolution
		Debug|Any CPU = Debug|Any CPU
		Release|Any CPU = Release|Any CPU
	EndGlobalSection
	GlobalSection(ProjectConfigurationPlatforms) = postSolution
		{DC9A1EB5-5542-4527-A46B-FF2D57A180C7}.Debug|Any CPU.ActiveCfg = Debug|Any CPU
		{DC9A1EB5-5542-4527-A46B-FF2D57A180C7}.Debug|Any CPU.Build.0 = Debug|Any CPU
		{DC9A1EB5-5542-4527-A46B-FF2D57A180C7}.Release|Any CPU.ActiveCfg = Release|Any CPU
		{DC9A1EB5-5542-4527-A46B-FF2D57A180C7}.Release|Any CPU.Build.0 = Release|Any CPU
		{F1BA0D09-89D5-4C69-9BF2-638AA446BE5B}.Debug|Any CPU.ActiveCfg = Debug|Any CPU
		{F1BA0D09-89D5-4C69-9BF2-638AA446BE5B}.Debug|Any CPU.Build.0 = Debug|Any CPU
		{F1BA0D09-89D5-4C69-9BF2-638AA446BE5B}.Release|Any CPU.ActiveCfg = Release|Any CPU
		{F1BA0D09-89D5-4C69-9BF2-638AA446BE5B}.Release|Any CPU.Build.0 = Release|Any CPU
	EndGlobalSection
	GlobalSection(SolutionProperties) = preSolution
		HideSolutionNode = FALSE
	EndGlobalSection
EndGlobal
